# Generated by pub
# See https://dart.dev/tools/pub/glossary#lockfile
packages:
  _flutterfire_internals:
    dependency: transitive
    description:
      name: _flutterfire_internals
      sha256: "1a5e13736d59235ce0139621b4bbe29bc89839e202409081bc667eb3cd20674c"
      url: "https://pub.dev"
    source: hosted
    version: "1.3.5"
  animate_do:
    dependency: "direct main"
    description:
      name: animate_do
      sha256: "91b3e0306ba2096c7a7e1ee1ba96f491e25e92034c215f4bf8de6a7251c4bef1"
      url: "https://pub.dev"
    source: hosted
    version: "3.1.2"
  animated_text_kit:
    dependency: "direct main"
    description:
      name: animated_text_kit
      sha256: "37392a5376c9a1a503b02463c38bc0342ef814ddbb8f9977bc90f2a84b22fa92"
      url: "https://pub.dev"
    source: hosted
    version: "4.2.2"
  args:
    dependency: transitive
    description:
      name: args
      sha256: eef6c46b622e0494a36c5a12d10d77fb4e855501a91c1b9ef9339326e58f0596
      url: "https://pub.dev"
    source: hosted
    version: "2.4.2"
  async:
    dependency: transitive
    description:
      name: async
      sha256: "947bfcf187f74dbc5e146c9eb9c0f10c9f8b30743e341481c1e2ed3ecc18c20c"
      url: "https://pub.dev"
    source: hosted
    version: "2.11.0"
  boolean_selector:
    dependency: transitive
    description:
      name: boolean_selector
      sha256: "6cfb5af12253eaf2b368f07bacc5a80d1301a071c73360d746b7f2e32d762c66"
      url: "https://pub.dev"
    source: hosted
    version: "2.1.1"
  carousel_slider:
    dependency: "direct main"
    description:
      name: carousel_slider
      sha256: "9c695cc963bf1d04a47bd6021f68befce8970bcd61d24938e1fb0918cf5d9c42"
      url: "https://pub.dev"
    source: hosted
    version: "4.2.1"
  characters:
    dependency: transitive
    description:
      name: characters
      sha256: "04a925763edad70e8443c99234dc3328f442e811f1d8fd1a72f1c8ad0f69a605"
      url: "https://pub.dev"
    source: hosted
    version: "1.3.0"
  clock:
    dependency: transitive
    description:
      name: clock
      sha256: cb6d7f03e1de671e34607e909a7213e31d7752be4fb66a86d29fe1eb14bfb5cf
      url: "https://pub.dev"
    source: hosted
    version: "1.1.1"
  cloud_firestore:
    dependency: "direct main"
    description:
      name: cloud_firestore
      sha256: "0ff0baec167e308df192398dbd81ec13c1799635885c6aa6ed9ab8b5ed61f52c"
      url: "https://pub.dev"
    source: hosted
    version: "4.9.1"
  cloud_firestore_platform_interface:
    dependency: transitive
    description:
      name: cloud_firestore_platform_interface
      sha256: "5749b81aea93afdce220e02d34369162010d210011054ac494b2c38c4e9ebeb7"
      url: "https://pub.dev"
    source: hosted
    version: "5.16.0"
  cloud_firestore_web:
    dependency: transitive
    description:
      name: cloud_firestore_web
      sha256: fef99ad0599e983092adb1bb01f14a596dba601a7a8efaaffd7b2721d64e2c51
      url: "https://pub.dev"
    source: hosted
    version: "3.7.0"
  collection:
    dependency: transitive
    description:
      name: collection
      sha256: f092b211a4319e98e5ff58223576de6c2803db36221657b46c82574721240687
      url: "https://pub.dev"
    source: hosted
    version: "1.17.2"
  connectivity_plus:
    dependency: "direct main"
    description:
      name: connectivity_plus
      sha256: b74247fad72c171381dbe700ca17da24deac637ab6d43c343b42867acb95c991
      url: "https://pub.dev"
    source: hosted
    version: "3.0.6"
  connectivity_plus_platform_interface:
    dependency: transitive
    description:
      name: connectivity_plus_platform_interface
      sha256: cf1d1c28f4416f8c654d7dc3cd638ec586076255d407cef3ddbdaf178272a71a
      url: "https://pub.dev"
    source: hosted
    version: "1.2.4"
  contained_tab_bar_view:
    dependency: "direct main"
    description:
      name: contained_tab_bar_view
      sha256: "87e35f47992764e45ab6205493f2f90c1e3fac4ad84f2b2285b73414727b756e"
      url: "https://pub.dev"
    source: hosted
    version: "0.8.0"
  container_tab_indicator:
    dependency: transitive
    description:
      name: container_tab_indicator
      sha256: b0bdd73bb495c31c5711cefa363511b10bb3ebcfc007b603a2599401ebe6b2d9
      url: "https://pub.dev"
    source: hosted
    version: "0.3.0"
  cross_file:
    dependency: transitive
    description:
      name: cross_file
      sha256: fd832b5384d0d6da4f6df60b854d33accaaeb63aa9e10e736a87381f08dee2cb
      url: "https://pub.dev"
    source: hosted
    version: "0.3.3+5"
  crypto:
    dependency: transitive
    description:
      name: crypto
      sha256: ff625774173754681d66daaf4a448684fb04b78f902da9cb3d308c19cc5e8bab
      url: "https://pub.dev"
    source: hosted
    version: "3.0.3"
  cupertino_icons:
    dependency: "direct main"
    description:
      name: cupertino_icons
      sha256: d57953e10f9f8327ce64a508a355f0b1ec902193f66288e8cb5070e7c47eeb2d
      url: "https://pub.dev"
    source: hosted
    version: "1.0.6"
  dbus:
    dependency: transitive
    description:
      name: dbus
      sha256: "6f07cba3f7b3448d42d015bfd3d53fe12e5b36da2423f23838efc1d5fb31a263"
      url: "https://pub.dev"
    source: hosted
    version: "0.7.8"
  desktop_webview_auth:
    dependency: transitive
    description:
      name: desktop_webview_auth
      sha256: f90d9fa88344fb1446d4f876ee2a12d07f4345f96fdb787d3ce1c76bd9d41feb
      url: "https://pub.dev"
    source: hosted
    version: "0.0.13"
  device_info_plus:
    dependency: transitive
    description:
      name: device_info_plus
      sha256: "86add5ef97215562d2e090535b0a16f197902b10c369c558a100e74ea06e8659"
      url: "https://pub.dev"
    source: hosted
    version: "9.0.3"
  device_info_plus_platform_interface:
    dependency: transitive
    description:
      name: device_info_plus_platform_interface
      sha256: d3b01d5868b50ae571cd1dc6e502fc94d956b665756180f7b16ead09e836fd64
      url: "https://pub.dev"
    source: hosted
    version: "7.0.0"
  diacritic:
    dependency: transitive
    description:
      name: diacritic
      sha256: a84e03ec2779375fb86430dbe9d8fba62c68376f2499097a5f6e75556babe706
      url: "https://pub.dev"
    source: hosted
    version: "0.1.4"
  email_validator:
    dependency: transitive
    description:
      name: email_validator
      sha256: e9a90f27ab2b915a27d7f9c2a7ddda5dd752d6942616ee83529b686fc086221b
      url: "https://pub.dev"
    source: hosted
    version: "2.1.17"
  equatable:
    dependency: "direct main"
    description:
      name: equatable
      sha256: c2b87cb7756efdf69892005af546c56c0b5037f54d2a88269b4f347a505e3ca2
      url: "https://pub.dev"
    source: hosted
    version: "2.0.5"
  fake_async:
    dependency: transitive
    description:
      name: fake_async
      sha256: "511392330127add0b769b75a987850d136345d9227c6b94c96a04cf4a391bf78"
      url: "https://pub.dev"
    source: hosted
    version: "1.3.1"
  ffi:
    dependency: transitive
    description:
      name: ffi
      sha256: "7bf0adc28a23d395f19f3f1eb21dd7cfd1dd9f8e1c50051c069122e6853bc878"
      url: "https://pub.dev"
    source: hosted
    version: "2.1.0"
  file:
    dependency: transitive
    description:
      name: file
      sha256: "1b92bec4fc2a72f59a8e15af5f52cd441e4a7860b49499d69dfa817af20e925d"
      url: "https://pub.dev"
    source: hosted
    version: "6.1.4"
  firebase_auth:
    dependency: "direct main"
    description:
      name: firebase_auth
      sha256: "6d9be853426ab686d68076b8007ac29b2c31e7d549444a45b5c3fe1abc249fb0"
      url: "https://pub.dev"
    source: hosted
    version: "4.9.0"
  firebase_auth_platform_interface:
    dependency: transitive
    description:
      name: firebase_auth_platform_interface
      sha256: "2946cfdc17f925fa9771dd0ba3ce9dd2d019100a8685d0557c161f7786ea9b14"
      url: "https://pub.dev"
    source: hosted
    version: "6.18.0"
  firebase_auth_web:
    dependency: transitive
    description:
      name: firebase_auth_web
      sha256: d8972d754702a3f4881184706b8056e2837d0dae91613a43b988c960b8e0d988
      url: "https://pub.dev"
    source: hosted
    version: "5.8.0"
  firebase_core:
    dependency: "direct main"
    description:
      name: firebase_core
      sha256: c78132175edda4bc532a71e01a32964e4b4fcf53de7853a422d96dac3725f389
      url: "https://pub.dev"
    source: hosted
    version: "2.15.1"
  firebase_core_platform_interface:
    dependency: transitive
    description:
      name: firebase_core_platform_interface
      sha256: b63e3be6c96ef5c33bdec1aab23c91eb00696f6452f0519401d640938c94cba2
      url: "https://pub.dev"
    source: hosted
    version: "4.8.0"
  firebase_core_web:
    dependency: transitive
    description:
      name: firebase_core_web
      sha256: "4cf4d2161530332ddc3c562f19823fb897ff37a9a774090d28df99f47370e973"
      url: "https://pub.dev"
    source: hosted
    version: "2.7.0"
  firebase_dynamic_links:
    dependency: transitive
    description:
      name: firebase_dynamic_links
      sha256: c604cebcc4c2baf978a8c286ab618d8472aaa813497ab4002cb968cd73b03ed8
      url: "https://pub.dev"
    source: hosted
    version: "5.3.5"
  firebase_dynamic_links_platform_interface:
    dependency: transitive
    description:
      name: firebase_dynamic_links_platform_interface
      sha256: "2a6f77434fcb36c8409d29785fee45a262deffc9d36205a81cbe0093802e72bd"
      url: "https://pub.dev"
    source: hosted
    version: "0.2.6+5"
  firebase_storage:
    dependency: "direct main"
    description:
      name: firebase_storage
      sha256: "11423ac63c1ec566069c80b1d01bc3c9e12a8f106bbc4ba77fa150afb88488a3"
      url: "https://pub.dev"
    source: hosted
    version: "11.2.6"
  firebase_storage_platform_interface:
    dependency: transitive
    description:
      name: firebase_storage_platform_interface
      sha256: "2a8ee7b8a06ee5201f9a116db6972ba0020e3a314a5065acdcb616f4d6c99771"
      url: "https://pub.dev"
    source: hosted
    version: "4.4.5"
  firebase_storage_web:
    dependency: transitive
    description:
      name: firebase_storage_web
      sha256: bd110daa180dc9c89abb490c8a330571e103291b348358d320f5b20a61cd46fc
      url: "https://pub.dev"
    source: hosted
    version: "3.6.6"
  firebase_ui_auth:
    dependency: "direct main"
    description:
      name: firebase_ui_auth
      sha256: "655f4d57799d989bacc223bef820d1dabfb2c0654adeb352b7c15171fbe7eadf"
      url: "https://pub.dev"
    source: hosted
    version: "1.8.0"
  firebase_ui_localizations:
    dependency: transitive
    description:
      name: firebase_ui_localizations
      sha256: "44a31e8dd846d56d744630836cce79a0463ed6f6442e53de48d54cbc5e860fe1"
      url: "https://pub.dev"
    source: hosted
    version: "1.6.1"
  firebase_ui_oauth:
    dependency: transitive
    description:
      name: firebase_ui_oauth
      sha256: dc443817d3f76de02e375348248224d6245461efb7f78aec57a8438a527069ee
      url: "https://pub.dev"
    source: hosted
    version: "1.4.11"
  firebase_ui_oauth_google:
    dependency: "direct main"
    description:
      name: firebase_ui_oauth_google
      sha256: "80f3eb6eeb3c5ba5c9bea2527d7d795597f54ce967cf77390278f5ccff67f5f7"
      url: "https://pub.dev"
    source: hosted
    version: "1.2.11"
  firebase_ui_shared:
    dependency: transitive
    description:
      name: firebase_ui_shared
      sha256: "48324f76339ba9bd0242a08b5a8843d0b57a6ab9af46ac426fc24122f6eb944b"
      url: "https://pub.dev"
    source: hosted
    version: "1.3.1"
  flutter:
    dependency: "direct main"
    description: flutter
    source: sdk
    version: "0.0.0"
  flutter_lints:
    dependency: "direct dev"
    description:
      name: flutter_lints
      sha256: a25a15ebbdfc33ab1cd26c63a6ee519df92338a9c10f122adda92938253bef04
      url: "https://pub.dev"
    source: hosted
    version: "2.0.3"
  flutter_localizations:
    dependency: transitive
    description: flutter
    source: sdk
    version: "0.0.0"
  flutter_riverpod:
    dependency: "direct main"
    description:
      name: flutter_riverpod
      sha256: "1bd39b04f1bcd217a969589777ca6bd642d116e3e5de65c3e6a8e8bdd8b178ec"
      url: "https://pub.dev"
    source: hosted
    version: "2.4.0"
  flutter_svg:
    dependency: transitive
    description:
      name: flutter_svg
      sha256: "8c5d68a82add3ca76d792f058b186a0599414f279f00ece4830b9b231b570338"
      url: "https://pub.dev"
    source: hosted
    version: "2.0.7"
  flutter_test:
    dependency: "direct dev"
    description: flutter
    source: sdk
    version: "0.0.0"
  flutter_web_plugins:
    dependency: transitive
    description: flutter
    source: sdk
    version: "0.0.0"
  google_fonts:
    dependency: "direct main"
    description:
      name: google_fonts
      sha256: e20ff62b158b96f392bfc8afe29dee1503c94fbea2cbe8186fd59b756b8ae982
      url: "https://pub.dev"
    source: hosted
    version: "5.1.0"
  google_identity_services_web:
    dependency: transitive
    description:
      name: google_identity_services_web
      sha256: "554748f2478619076128152c58905620d10f9c7fc270ff1d3a9675f9f53838ed"
      url: "https://pub.dev"
    source: hosted
    version: "0.2.1+1"
  google_sign_in:
    dependency: transitive
    description:
      name: google_sign_in
      sha256: f45038d27bcad37498f282295ae97eece23c9349fc16649154067b87b9f1fd03
      url: "https://pub.dev"
    source: hosted
    version: "6.1.5"
  google_sign_in_android:
    dependency: transitive
    description:
      name: google_sign_in_android
      sha256: "8d76099cb220d4f10c7e3c24492814c733f48ecb574c45c0ccadf5d5e50b012d"
      url: "https://pub.dev"
    source: hosted
    version: "6.1.19"
  google_sign_in_ios:
    dependency: transitive
    description:
      name: google_sign_in_ios
      sha256: "8edfde9698b5951f3d02632eceb39cc283865c3cff0b03216bf951089f10345b"
      url: "https://pub.dev"
    source: hosted
    version: "5.6.3"
  google_sign_in_platform_interface:
    dependency: transitive
    description:
      name: google_sign_in_platform_interface
      sha256: "35ceee5f0eadc1c07b0b4af7553246e315c901facbb7d3dadf734ba2693ceec4"
      url: "https://pub.dev"
    source: hosted
    version: "2.4.2"
  google_sign_in_web:
    dependency: transitive
    description:
      name: google_sign_in_web
      sha256: "939e9172a378ec4eaeb7f71eeddac9b55ebd0e8546d336daec476a68e5279766"
      url: "https://pub.dev"
    source: hosted
    version: "0.12.0+5"
  hexcolor:
    dependency: "direct main"
    description:
      name: hexcolor
      sha256: c07f4bbb9095df87eeca87e7c69e8c3d60f70c66102d7b8d61c4af0453add3f6
      url: "https://pub.dev"
    source: hosted
    version: "3.0.1"
  http:
    dependency: transitive
    description:
      name: http
      sha256: "759d1a329847dd0f39226c688d3e06a6b8679668e350e2891a6474f8b4bb8525"
      url: "https://pub.dev"
    source: hosted
    version: "1.1.0"
  http_parser:
    dependency: transitive
    description:
      name: http_parser
      sha256: "2aa08ce0341cc9b354a498388e30986515406668dbcc4f7c950c3e715496693b"
      url: "https://pub.dev"
    source: hosted
    version: "4.0.2"
  internet_connection_checker:
    dependency: "direct main"
    description:
      name: internet_connection_checker
      sha256: "1c683e63e89c9ac66a40748b1b20889fd9804980da732bf2b58d6d5456c8e876"
      url: "https://pub.dev"
    source: hosted
    version: "1.0.0+1"
  intl:
    dependency: "direct main"
    description:
      name: intl
      sha256: "3bc132a9dbce73a7e4a21a17d06e1878839ffbf975568bc875c60537824b0c4d"
      url: "https://pub.dev"
    source: hosted
    version: "0.18.1"
  js:
    dependency: transitive
    description:
      name: js
      sha256: f2c445dce49627136094980615a031419f7f3eb393237e4ecd97ac15dea343f3
      url: "https://pub.dev"
    source: hosted
    version: "0.6.7"
  kartal:
    dependency: "direct main"
    description:
      name: kartal
      sha256: d65643ea158a9712a0cd74056b56cabd9d595b6247c409be116e07fb5bb8eab6
      url: "https://pub.dev"
    source: hosted
    version: "3.4.1"
  lints:
    dependency: transitive
    description:
      name: lints
      sha256: "0a217c6c989d21039f1498c3ed9f3ed71b354e69873f13a8dfc3c9fe76f1b452"
      url: "https://pub.dev"
    source: hosted
    version: "2.1.1"
  loading_animation_widget:
    dependency: "direct main"
    description:
      name: loading_animation_widget
      sha256: "1901682600273a966c34cf44a85fc5355da92a8d08a8a43c11adc4e471993e3a"
      url: "https://pub.dev"
    source: hosted
    version: "1.2.0+4"
  logger:
    dependency: "direct main"
    description:
      name: logger
      sha256: ba3bc83117b2b49bdd723c0ea7848e8285a0fbc597ba09203b20d329d020c24a
      url: "https://pub.dev"
    source: hosted
    version: "2.0.2"
  mask_text_input_formatter:
    dependency: transitive
    description:
      name: mask_text_input_formatter
      sha256: "2056a9b8303f71003b9c06c6f71443504f3ca9f4b79b1aa40c9f0f62f9d312cf"
      url: "https://pub.dev"
    source: hosted
    version: "2.5.0"
  matcher:
    dependency: transitive
    description:
      name: matcher
      sha256: "1803e76e6653768d64ed8ff2e1e67bea3ad4b923eb5c56a295c3e634bad5960e"
      url: "https://pub.dev"
    source: hosted
    version: "0.12.16"
  material_color_utilities:
    dependency: transitive
    description:
      name: material_color_utilities
      sha256: "9528f2f296073ff54cb9fee677df673ace1218163c3bc7628093e7eed5203d41"
      url: "https://pub.dev"
    source: hosted
    version: "0.5.0"
  meta:
    dependency: transitive
    description:
      name: meta
      sha256: "3c74dbf8763d36539f114c799d8a2d87343b5067e9d796ca22b5eb8437090ee3"
      url: "https://pub.dev"
    source: hosted
    version: "1.9.1"
  mime:
    dependency: transitive
    description:
      name: mime
      sha256: e4ff8e8564c03f255408decd16e7899da1733852a9110a58fe6d1b817684a63e
      url: "https://pub.dev"
    source: hosted
    version: "1.0.4"
  nm:
    dependency: transitive
    description:
      name: nm
      sha256: "2c9aae4127bdc8993206464fcc063611e0e36e72018696cd9631023a31b24254"
      url: "https://pub.dev"
    source: hosted
    version: "0.5.0"
  package_info_plus:
    dependency: transitive
    description:
      name: package_info_plus
      sha256: "6ff267fcd9d48cb61c8df74a82680e8b82e940231bb5f68356672fde0397334a"
      url: "https://pub.dev"
    source: hosted
    version: "4.1.0"
  package_info_plus_platform_interface:
    dependency: transitive
    description:
      name: package_info_plus_platform_interface
      sha256: "9bc8ba46813a4cc42c66ab781470711781940780fd8beddd0c3da62506d3a6c6"
      url: "https://pub.dev"
    source: hosted
    version: "2.0.1"
  path:
    dependency: transitive
    description:
      name: path
      sha256: "8829d8a55c13fc0e37127c29fedf290c102f4e40ae94ada574091fe0ff96c917"
      url: "https://pub.dev"
    source: hosted
    version: "1.8.3"
  path_parsing:
    dependency: transitive
    description:
      name: path_parsing
      sha256: e3e67b1629e6f7e8100b367d3db6ba6af4b1f0bb80f64db18ef1fbabd2fa9ccf
      url: "https://pub.dev"
    source: hosted
    version: "1.0.1"
  path_provider:
    dependency: transitive
    description:
      name: path_provider
      sha256: a1aa8aaa2542a6bc57e381f132af822420216c80d4781f7aa085ca3229208aaa
      url: "https://pub.dev"
    source: hosted
    version: "2.1.1"
  path_provider_android:
    dependency: transitive
    description:
      name: path_provider_android
      sha256: "6b8b19bd80da4f11ce91b2d1fb931f3006911477cec227cce23d3253d80df3f1"
      url: "https://pub.dev"
    source: hosted
    version: "2.2.0"
  path_provider_foundation:
    dependency: transitive
    description:
      name: path_provider_foundation
      sha256: "19314d595120f82aca0ba62787d58dde2cc6b5df7d2f0daf72489e38d1b57f2d"
      url: "https://pub.dev"
    source: hosted
    version: "2.3.1"
  path_provider_linux:
    dependency: transitive
    description:
      name: path_provider_linux
      sha256: f7a1fe3a634fe7734c8d3f2766ad746ae2a2884abe22e241a8b301bf5cac3279
      url: "https://pub.dev"
    source: hosted
    version: "2.2.1"
  path_provider_platform_interface:
    dependency: transitive
    description:
      name: path_provider_platform_interface
      sha256: "94b1e0dd80970c1ce43d5d4e050a9918fce4f4a775e6142424c30a29a363265c"
      url: "https://pub.dev"
    source: hosted
    version: "2.1.1"
  path_provider_windows:
    dependency: transitive
    description:
      name: path_provider_windows
      sha256: "8bc9f22eee8690981c22aa7fc602f5c85b497a6fb2ceb35ee5a5e5ed85ad8170"
      url: "https://pub.dev"
    source: hosted
    version: "2.2.1"
  percent_indicator:
    dependency: "direct main"
    description:
      name: percent_indicator
      sha256: c37099ad833a883c9d71782321cb65c3a848c21b6939b6185f0ff6640d05814c
      url: "https://pub.dev"
    source: hosted
    version: "4.2.3"
  petitparser:
    dependency: transitive
    description:
      name: petitparser
      sha256: cb3798bef7fc021ac45b308f4b51208a152792445cce0448c9a4ba5879dd8750
      url: "https://pub.dev"
    source: hosted
    version: "5.4.0"
  platform:
    dependency: transitive
    description:
      name: platform
      sha256: ae68c7bfcd7383af3629daafb32fb4e8681c7154428da4febcff06200585f102
      url: "https://pub.dev"
    source: hosted
    version: "3.1.2"
  plugin_platform_interface:
    dependency: transitive
    description:
      name: plugin_platform_interface
      sha256: da3fdfeccc4d4ff2da8f8c556704c08f912542c5fb3cf2233ed75372384a034d
      url: "https://pub.dev"
    source: hosted
    version: "2.1.6"
  quiver:
    dependency: transitive
    description:
      name: quiver
      sha256: b1c1ac5ce6688d77f65f3375a9abb9319b3cb32486bdc7a1e0fdf004d7ba4e47
      url: "https://pub.dev"
    source: hosted
    version: "3.2.1"
  riverpod:
    dependency: transitive
    description:
      name: riverpod
      sha256: a600120d6f213a9922860eea1abc32597436edd5b2c4e73b91410f8c2af67d22
      url: "https://pub.dev"
    source: hosted
    version: "2.4.0"
  share_plus:
    dependency: transitive
    description:
      name: share_plus
      sha256: "6cec740fa0943a826951223e76218df002804adb588235a8910dc3d6b0654e11"
      url: "https://pub.dev"
    source: hosted
    version: "7.1.0"
  share_plus_platform_interface:
    dependency: transitive
    description:
      name: share_plus_platform_interface
      sha256: "357412af4178d8e11d14f41723f80f12caea54cf0d5cd29af9dcdab85d58aea7"
      url: "https://pub.dev"
    source: hosted
    version: "3.3.0"
  share_plus_web:
    dependency: transitive
    description:
      name: share_plus_web
      sha256: eaef05fa8548b372253e772837dd1fbe4ce3aca30ea330765c945d7d4f7c9935
      url: "https://pub.dev"
    source: hosted
    version: "3.1.0"
  shared_preferences:
    dependency: "direct main"
    description:
      name: shared_preferences
      sha256: b7f41bad7e521d205998772545de63ff4e6c97714775902c199353f8bf1511ac
      url: "https://pub.dev"
    source: hosted
    version: "2.2.1"
  shared_preferences_android:
    dependency: transitive
    description:
      name: shared_preferences_android
      sha256: "8568a389334b6e83415b6aae55378e158fbc2314e074983362d20c562780fb06"
      url: "https://pub.dev"
    source: hosted
    version: "2.2.1"
  shared_preferences_foundation:
    dependency: transitive
    description:
      name: shared_preferences_foundation
      sha256: "7bf53a9f2d007329ee6f3df7268fd498f8373602f943c975598bbb34649b62a7"
      url: "https://pub.dev"
    source: hosted
    version: "2.3.4"
  shared_preferences_linux:
    dependency: transitive
    description:
      name: shared_preferences_linux
      sha256: c2eb5bf57a2fe9ad6988121609e47d3e07bb3bdca5b6f8444e4cf302428a128a
      url: "https://pub.dev"
    source: hosted
    version: "2.3.1"
  shared_preferences_platform_interface:
    dependency: transitive
    description:
      name: shared_preferences_platform_interface
      sha256: d4ec5fc9ebb2f2e056c617112aa75dcf92fc2e4faaf2ae999caa297473f75d8a
      url: "https://pub.dev"
    source: hosted
    version: "2.3.1"
  shared_preferences_web:
    dependency: transitive
    description:
      name: shared_preferences_web
      sha256: d762709c2bbe80626ecc819143013cc820fa49ca5e363620ee20a8b15a3e3daf
      url: "https://pub.dev"
    source: hosted
    version: "2.2.1"
  shared_preferences_windows:
    dependency: transitive
    description:
      name: shared_preferences_windows
      sha256: f763a101313bd3be87edffe0560037500967de9c394a714cd598d945517f694f
      url: "https://pub.dev"
    source: hosted
    version: "2.3.1"
  sky_engine:
    dependency: transitive
    description: flutter
    source: sdk
    version: "0.0.99"
  source_span:
    dependency: transitive
    description:
      name: source_span
      sha256: "53e943d4206a5e30df338fd4c6e7a077e02254531b138a15aec3bd143c1a8b3c"
      url: "https://pub.dev"
    source: hosted
    version: "1.10.0"
  stack_trace:
    dependency: transitive
    description:
      name: stack_trace
      sha256: c3c7d8edb15bee7f0f74debd4b9c5f3c2ea86766fe4178eb2a18eb30a0bdaed5
      url: "https://pub.dev"
    source: hosted
    version: "1.11.0"
  state_notifier:
    dependency: transitive
    description:
      name: state_notifier
      sha256: b8677376aa54f2d7c58280d5a007f9e8774f1968d1fb1c096adcb4792fba29bb
      url: "https://pub.dev"
    source: hosted
    version: "1.0.0"
  stream_channel:
    dependency: transitive
    description:
      name: stream_channel
      sha256: "83615bee9045c1d322bbbd1ba209b7a749c2cbcdcb3fdd1df8eb488b3279c1c8"
      url: "https://pub.dev"
    source: hosted
    version: "2.1.1"
  string_scanner:
    dependency: transitive
    description:
      name: string_scanner
      sha256: "556692adab6cfa87322a115640c11f13cb77b3f076ddcc5d6ae3c20242bedcde"
      url: "https://pub.dev"
    source: hosted
    version: "1.2.0"
  term_glyph:
    dependency: transitive
    description:
      name: term_glyph
      sha256: a29248a84fbb7c79282b40b8c72a1209db169a2e0542bce341da992fe1bc7e84
      url: "https://pub.dev"
    source: hosted
    version: "1.2.1"
  test_api:
    dependency: transitive
    description:
      name: test_api
      sha256: "75760ffd7786fffdfb9597c35c5b27eaeec82be8edfb6d71d32651128ed7aab8"
      url: "https://pub.dev"
    source: hosted
    version: "0.6.0"
  typed_data:
    dependency: transitive
    description:
      name: typed_data
      sha256: facc8d6582f16042dd49f2463ff1bd6e2c9ef9f3d5da3d9b087e244a7b564b3c
      url: "https://pub.dev"
    source: hosted
    version: "1.3.2"
  url_launcher:
    dependency: transitive
    description:
      name: url_launcher
      sha256: "47e208a6711459d813ba18af120d9663c20bdf6985d6ad39fe165d2538378d27"
      url: "https://pub.dev"
    source: hosted
    version: "6.1.14"
  url_launcher_android:
    dependency: transitive
    description:
      name: url_launcher_android
      sha256: b04af59516ab45762b2ca6da40fa830d72d0f6045cd97744450b73493fa76330
      url: "https://pub.dev"
    source: hosted
    version: "6.1.0"
  url_launcher_ios:
    dependency: transitive
    description:
      name: url_launcher_ios
      sha256: "7c65021d5dee51813d652357bc65b8dd4a6177082a9966bc8ba6ee477baa795f"
      url: "https://pub.dev"
    source: hosted
    version: "6.1.5"
  url_launcher_linux:
    dependency: transitive
    description:
      name: url_launcher_linux
      sha256: b651aad005e0cb06a01dbd84b428a301916dc75f0e7ea6165f80057fee2d8e8e
      url: "https://pub.dev"
    source: hosted
    version: "3.0.6"
  url_launcher_macos:
    dependency: transitive
    description:
      name: url_launcher_macos
      sha256: b55486791f666e62e0e8ff825e58a023fd6b1f71c49926483f1128d3bbd8fe88
      url: "https://pub.dev"
    source: hosted
    version: "3.0.7"
  url_launcher_platform_interface:
    dependency: transitive
    description:
      name: url_launcher_platform_interface
      sha256: "95465b39f83bfe95fcb9d174829d6476216f2d548b79c38ab2506e0458787618"
      url: "https://pub.dev"
    source: hosted
    version: "2.1.5"
  url_launcher_web:
    dependency: transitive
    description:
      name: url_launcher_web
      sha256: "2942294a500b4fa0b918685aff406773ba0a4cd34b7f42198742a94083020ce5"
      url: "https://pub.dev"
    source: hosted
    version: "2.0.20"
  url_launcher_windows:
    dependency: transitive
    description:
      name: url_launcher_windows
      sha256: "95fef3129dc7cfaba2bc3d5ba2e16063bb561fc6d78e63eee16162bc70029069"
      url: "https://pub.dev"
    source: hosted
    version: "3.0.8"
  uuid:
    dependency: transitive
    description:
      name: uuid
      sha256: "648e103079f7c64a36dc7d39369cabb358d377078a051d6ae2ad3aa539519313"
      url: "https://pub.dev"
    source: hosted
    version: "3.0.7"
  vector_graphics:
    dependency: transitive
    description:
      name: vector_graphics
      sha256: "670f6e07aca990b4a2bcdc08a784193c4ccdd1932620244c3a86bb72a0eac67f"
      url: "https://pub.dev"
    source: hosted
    version: "1.1.7"
  vector_graphics_codec:
    dependency: transitive
    description:
      name: vector_graphics_codec
      sha256: "7451721781d967db9933b63f5733b1c4533022c0ba373a01bdd79d1a5457f69f"
      url: "https://pub.dev"
    source: hosted
    version: "1.1.7"
  vector_graphics_compiler:
    dependency: transitive
    description:
      name: vector_graphics_compiler
      sha256: "80a13c613c8bde758b1464a1755a7b3a8f2b6cec61fbf0f5a53c94c30f03ba2e"
      url: "https://pub.dev"
    source: hosted
    version: "1.1.7"
  vector_math:
    dependency: transitive
    description:
      name: vector_math
      sha256: "80b3257d1492ce4d091729e3a67a60407d227c27241d6927be0130c98e741803"
      url: "https://pub.dev"
    source: hosted
    version: "2.1.4"
  very_good_analysis:
    dependency: "direct dev"
    description:
      name: very_good_analysis
      sha256: "9ae7f3a3bd5764fb021b335ca28a34f040cd0ab6eec00a1b213b445dae58a4b8"
      url: "https://pub.dev"
    source: hosted
    version: "5.1.0"
  web:
    dependency: transitive
    description:
      name: web
      sha256: dc8ccd225a2005c1be616fe02951e2e342092edf968cf0844220383757ef8f10
      url: "https://pub.dev"
    source: hosted
    version: "0.1.4-beta"
  win32:
    dependency: transitive
    description:
      name: win32
      sha256: "9e82a402b7f3d518fb9c02d0e9ae45952df31b9bf34d77baf19da2de03fc2aaa"
      url: "https://pub.dev"
    source: hosted
    version: "5.0.7"
  win32_registry:
    dependency: transitive
    description:
      name: win32_registry
      sha256: e4506d60b7244251bc59df15656a3093501c37fb5af02105a944d73eb95be4c9
      url: "https://pub.dev"
    source: hosted
    version: "1.1.1"
  xdg_directories:
    dependency: transitive
    description:
      name: xdg_directories
      sha256: "589ada45ba9e39405c198fe34eb0f607cddb2108527e658136120892beac46d2"
      url: "https://pub.dev"
    source: hosted
    version: "1.0.3"
  xml:
    dependency: transitive
    description:
      name: xml
      sha256: "5bc72e1e45e941d825fd7468b9b4cc3b9327942649aeb6fc5cdbf135f0a86e84"
      url: "https://pub.dev"
    source: hosted
    version: "6.3.0"
sdks:
  dart: ">=3.1.0 <4.0.0"
  flutter: ">=3.13.0"
